
Microsoft Visual Studio Solution File, Format Version 12.00
# Visual Studio Version 17
VisualStudioVersion = 17.4.33205.214
MinimumVisualStudioVersion = 10.0.40219.1
Project("{FAE04EC0-301F-11D3-BF4B-00C04F79EFBC}") = "ExpenseWeb", "ExpenseWeb.csproj", "{389987CD-7E55-49E4-AE6E-4DCD9729E124}"
EndProject
Project("{FAE04EC0-301F-11D3-BF4B-00C04F79EFBC}") = "ExpenseMvc", "..\ExpenseMvc\ExpenseMvc.csproj", "{264CD7A2-3001-495B-903D-E5CA1C0060FE}"
EndProject
Global
	GlobalSection(SolutionConfigurationPlatforms) = preSolution
		Debug|Any CPU = Debug|Any CPU
		Release|Any CPU = Release|Any CPU
	EndGlobalSection
	GlobalSection(ProjectConfigurationPlatforms) = postSolution
		{389987CD-7E55-49E4-AE6E-4DCD9729E124}.Debug|Any CPU.ActiveCfg = Debug|Any CPU
		{389987CD-7E55-49E4-AE6E-4DCD9729E124}.Debug|Any CPU.Build.0 = Debug|Any CPU
		{389987CD-7E55-49E4-AE6E-4DCD9729E124}.Release|Any CPU.ActiveCfg = Release|Any CPU
		{389987CD-7E55-49E4-AE6E-4DCD9729E124}.Release|Any CPU.Build.0 = Release|Any CPU
		{264CD7A2-3001-495B-903D-E5CA1C0060FE}.Debug|Any CPU.ActiveCfg = Debug|Any CPU
		{264CD7A2-3001-495B-903D-E5CA1C0060FE}.Debug|Any CPU.Build.0 = Debug|Any CPU
		{264CD7A2-3001-495B-903D-E5CA1C0060FE}.Release|Any CPU.ActiveCfg = Release|Any CPU
		{264CD7A2-3001-495B-903D-E5CA1C0060FE}.Release|Any CPU.Build.0 = Release|Any CPU
	EndGlobalSection
	GlobalSection(SolutionProperties) = preSolution
		HideSolutionNode = FALSE
	EndGlobalSection
	GlobalSection(ExtensibilityGlobals) = postSolution
		SolutionGuid = {335E46EE-7286-431E-BC37-B18B5857AEBE}
	EndGlobalSection
EndGlobal
